
Microsoft Visual Studio Solution File, Format Version 12.00
# Visual Studio Version 17
VisualStudioVersion = 17.1.32210.238
MinimumVisualStudioVersion = 10.0.40219.1
Project("{9A19103F-16F7-4668-BE54-9A1E7A4F7556}") = "badlife", "badlife\badlife.csproj", "{5F491D9F-4C95-4893-A5CF-23A065F73226}"
EndProject
Project("{9A19103F-16F7-4668-BE54-9A1E7A4F7556}") = "Test", "Test\Test.csproj", "{9BBEDCB8-E8F4-4631-BBF4-1115A0846A5E}"
EndProject
Project("{FAE04EC0-301F-11D3-BF4B-00C04F79EFBC}") = "GameOfLifeApi", "GameOfLifeApi\GameOfLifeApi.csproj", "{BBF0D887-665C-4F8F-9093-C02D9D423510}"
EndProject
Global
	GlobalSection(SolutionConfigurationPlatforms) = preSolution
		Debug|Any CPU = Debug|Any CPU
		Release|Any CPU = Release|Any CPU
	EndGlobalSection
	GlobalSection(ProjectConfigurationPlatforms) = postSolution
		{5F491D9F-4C95-4893-A5CF-23A065F73226}.Debug|Any CPU.ActiveCfg = Debug|Any CPU
		{5F491D9F-4C95-4893-A5CF-23A065F73226}.Debug|Any CPU.Build.0 = Debug|Any CPU
		{5F491D9F-4C95-4893-A5CF-23A065F73226}.Release|Any CPU.ActiveCfg = Release|Any CPU
		{5F491D9F-4C95-4893-A5CF-23A065F73226}.Release|Any CPU.Build.0 = Release|Any CPU
		{9BBEDCB8-E8F4-4631-BBF4-1115A0846A5E}.Debug|Any CPU.ActiveCfg = Debug|Any CPU
		{9BBEDCB8-E8F4-4631-BBF4-1115A0846A5E}.Debug|Any CPU.Build.0 = Debug|Any CPU
		{9BBEDCB8-E8F4-4631-BBF4-1115A0846A5E}.Release|Any CPU.ActiveCfg = Release|Any CPU
		{9BBEDCB8-E8F4-4631-BBF4-1115A0846A5E}.Release|Any CPU.Build.0 = Release|Any CPU
		{BBF0D887-665C-4F8F-9093-C02D9D423510}.Debug|Any CPU.ActiveCfg = Debug|Any CPU
		{BBF0D887-665C-4F8F-9093-C02D9D423510}.Debug|Any CPU.Build.0 = Debug|Any CPU
		{BBF0D887-665C-4F8F-9093-C02D9D423510}.Release|Any CPU.ActiveCfg = Release|Any CPU
		{BBF0D887-665C-4F8F-9093-C02D9D423510}.Release|Any CPU.Build.0 = Release|Any CPU
	EndGlobalSection
	GlobalSection(SolutionProperties) = preSolution
		HideSolutionNode = FALSE
	EndGlobalSection
	GlobalSection(ExtensibilityGlobals) = postSolution
		SolutionGuid = {ACE43EA8-36ED-44D7-808C-0C3CB0D56279}
	EndGlobalSection
EndGlobal
